
Microsoft Visual Studio Solution File, Format Version 12.00
# Visual Studio Version 17
VisualStudioVersion = 17.4.33213.308
MinimumVisualStudioVersion = 10.0.40219.1
Project("{9A19103F-16F7-4668-BE54-9A1E7A4F7556}") = "WeatherDemo", "src\WeatherDemo\WeatherDemo.csproj", "{45FB4F1C-4412-42A8-ADB9-4967008A8007}"
EndProject
Project("{9A19103F-16F7-4668-BE54-9A1E7A4F7556}") = "WeatherDemoTests", "tests\WeatherDemoTests\WeatherDemoTests.csproj", "{92863BCE-860A-4F07-B3E0-7481ED488252}"
EndProject
Project("{2150E333-8FDC-42A3-9474-1A3956D46DE8}") = "assets", "assets", "{0751CB84-E2DE-4D66-9538-0B1F1B8A716D}"
	ProjectSection(SolutionItems) = preProject
		azure-pipelines-dbdeploy.yaml = azure-pipelines-dbdeploy.yaml
		azure-pipelines-docker.yaml = azure-pipelines-docker.yaml
		azure-pipelines-integration-tests.yaml = azure-pipelines-integration-tests.yaml
		azure-pipelines.yaml = azure-pipelines.yaml
		Directory.Build.props = Directory.Build.props
		Dockerfile = Dockerfile
	EndProjectSection
EndProject
Project("{00D1A9C2-B5F0-4AF3-8072-F6C62B433612}") = "WeatherDemo.Database", "src\WeatherDemo.Database\WeatherDemo.Database.sqlproj", "{3ED72ED3-E666-4B32-B9F0-D7CEA5F5948C}"
EndProject
Global
	GlobalSection(SolutionConfigurationPlatforms) = preSolution
		Debug|Any CPU = Debug|Any CPU
		Release|Any CPU = Release|Any CPU
	EndGlobalSection
	GlobalSection(ProjectConfigurationPlatforms) = postSolution
		{45FB4F1C-4412-42A8-ADB9-4967008A8007}.Debug|Any CPU.ActiveCfg = Debug|Any CPU
		{45FB4F1C-4412-42A8-ADB9-4967008A8007}.Debug|Any CPU.Build.0 = Debug|Any CPU
		{45FB4F1C-4412-42A8-ADB9-4967008A8007}.Release|Any CPU.ActiveCfg = Release|Any CPU
		{45FB4F1C-4412-42A8-ADB9-4967008A8007}.Release|Any CPU.Build.0 = Release|Any CPU
		{92863BCE-860A-4F07-B3E0-7481ED488252}.Debug|Any CPU.ActiveCfg = Debug|Any CPU
		{92863BCE-860A-4F07-B3E0-7481ED488252}.Debug|Any CPU.Build.0 = Debug|Any CPU
		{92863BCE-860A-4F07-B3E0-7481ED488252}.Release|Any CPU.ActiveCfg = Release|Any CPU
		{92863BCE-860A-4F07-B3E0-7481ED488252}.Release|Any CPU.Build.0 = Release|Any CPU
		{3ED72ED3-E666-4B32-B9F0-D7CEA5F5948C}.Debug|Any CPU.ActiveCfg = Debug|Any CPU
		{3ED72ED3-E666-4B32-B9F0-D7CEA5F5948C}.Debug|Any CPU.Build.0 = Debug|Any CPU
		{3ED72ED3-E666-4B32-B9F0-D7CEA5F5948C}.Debug|Any CPU.Deploy.0 = Debug|Any CPU
		{3ED72ED3-E666-4B32-B9F0-D7CEA5F5948C}.Release|Any CPU.ActiveCfg = Release|Any CPU
		{3ED72ED3-E666-4B32-B9F0-D7CEA5F5948C}.Release|Any CPU.Build.0 = Release|Any CPU
		{3ED72ED3-E666-4B32-B9F0-D7CEA5F5948C}.Release|Any CPU.Deploy.0 = Release|Any CPU
	EndGlobalSection
	GlobalSection(SolutionProperties) = preSolution
		HideSolutionNode = FALSE
	EndGlobalSection
	GlobalSection(ExtensibilityGlobals) = postSolution
		SolutionGuid = {07F7D345-60C7-404B-88DE-5DC00FA5270E}
	EndGlobalSection
EndGlobal
